
Microsoft Visual Studio Solution File, Format Version 12.00
# Visual Studio 15
VisualStudioVersion = 15.0.28307.106
MinimumVisualStudioVersion = 10.0.40219.1
Project("{FAE04EC0-301F-11D3-BF4B-00C04F79EFBC}") = "Assignment_WebService", "Assignment_WebService\Assignment_WebService.csproj", "{1EFC99B9-E51B-4296-B054-ED9A8ABFA645}"
EndProject
Global
	GlobalSection(SolutionConfigurationPlatforms) = preSolution
		Debug|Any CPU = Debug|Any CPU
		Release|Any CPU = Release|Any CPU
	EndGlobalSection
	GlobalSection(ProjectConfigurationPlatforms) = postSolution
		{1EFC99B9-E51B-4296-B054-ED9A8ABFA645}.Debug|Any CPU.ActiveCfg = Debug|Any CPU
		{1EFC99B9-E51B-4296-B054-ED9A8ABFA645}.Debug|Any CPU.Build.0 = Debug|Any CPU
		{1EFC99B9-E51B-4296-B054-ED9A8ABFA645}.Release|Any CPU.ActiveCfg = Release|Any CPU
		{1EFC99B9-E51B-4296-B054-ED9A8ABFA645}.Release|Any CPU.Build.0 = Release|Any CPU
	EndGlobalSection
	GlobalSection(SolutionProperties) = preSolution
		HideSolutionNode = FALSE
	EndGlobalSection
	GlobalSection(ExtensibilityGlobals) = postSolution
		SolutionGuid = {06185800-683C-4A1F-811E-2AFAA3A3FEDC}
	EndGlobalSection
EndGlobal
